
Microsoft Visual Studio Solution File, Format Version 12.00
# Visual Studio Version 16
VisualStudioVersion = 16.0.34407.143
MinimumVisualStudioVersion = 10.0.40219.1
Project("{8BC9CEB8-8B4A-11D0-8D11-00A0C91BC942}") = "2D Rainfall", "2D Rainfall\2D Rainfall.vcxproj", "{7EA0F75D-2E23-4483-A008-963C80939194}"
EndProject
Global
	GlobalSection(SolutionConfigurationPlatforms) = preSolution
		Debug|x64 = Debug|x64
		Debug|x86 = Debug|x86
		Release|x64 = Release|x64
		Release|x86 = Release|x86
	EndGlobalSection
	GlobalSection(ProjectConfigurationPlatforms) = postSolution
		{7EA0F75D-2E23-4483-A008-963C80939194}.Debug|x64.ActiveCfg = Debug|x64
		{7EA0F75D-2E23-4483-A008-963C80939194}.Debug|x64.Build.0 = Debug|x64
		{7EA0F75D-2E23-4483-A008-963C80939194}.Debug|x86.ActiveCfg = Debug|Win32
		{7EA0F75D-2E23-4483-A008-963C80939194}.Debug|x86.Build.0 = Debug|Win32
		{7EA0F75D-2E23-4483-A008-963C80939194}.Release|x64.ActiveCfg = Release|x64
		{7EA0F75D-2E23-4483-A008-963C80939194}.Release|x64.Build.0 = Release|x64
		{7EA0F75D-2E23-4483-A008-963C80939194}.Release|x86.ActiveCfg = Release|Win32
		{7EA0F75D-2E23-4483-A008-963C80939194}.Release|x86.Build.0 = Release|Win32
	EndGlobalSection
	GlobalSection(SolutionProperties) = preSolution
		HideSolutionNode = FALSE
	EndGlobalSection
	GlobalSection(ExtensibilityGlobals) = postSolution
		SolutionGuid = {E991B147-172C-407F-9223-057F67AC7A80}
	EndGlobalSection
EndGlobal
